
Microsoft Visual Studio Solution File, Format Version 12.00
# Visual Studio Version 17
VisualStudioVersion = 17.8.34511.84
MinimumVisualStudioVersion = 10.0.40219.1
Project("{FAE04EC0-301F-11D3-BF4B-00C04F79EFBC}") = "Drawflow.Server", "Drawflow.Server\Drawflow.Server.csproj", "{9A8C80C7-3ECC-4FA3-8D13-99F0377586F2}"
EndProject
Project("{54A90642-561A-4BB1-A94E-469ADEE60C69}") = "drawflow.client", "drawflow.client\drawflow.client.esproj", "{0D5311BE-6EE8-43D0-A37B-DD510F08A5E6}"
EndProject
Global
	GlobalSection(SolutionConfigurationPlatforms) = preSolution
		Debug|Any CPU = Debug|Any CPU
		Release|Any CPU = Release|Any CPU
	EndGlobalSection
	GlobalSection(ProjectConfigurationPlatforms) = postSolution
		{9A8C80C7-3ECC-4FA3-8D13-99F0377586F2}.Debug|Any CPU.ActiveCfg = Debug|Any CPU
		{9A8C80C7-3ECC-4FA3-8D13-99F0377586F2}.Debug|Any CPU.Build.0 = Debug|Any CPU
		{9A8C80C7-3ECC-4FA3-8D13-99F0377586F2}.Release|Any CPU.ActiveCfg = Release|Any CPU
		{9A8C80C7-3ECC-4FA3-8D13-99F0377586F2}.Release|Any CPU.Build.0 = Release|Any CPU
		{0D5311BE-6EE8-43D0-A37B-DD510F08A5E6}.Debug|Any CPU.ActiveCfg = Debug|Any CPU
		{0D5311BE-6EE8-43D0-A37B-DD510F08A5E6}.Debug|Any CPU.Build.0 = Debug|Any CPU
		{0D5311BE-6EE8-43D0-A37B-DD510F08A5E6}.Debug|Any CPU.Deploy.0 = Debug|Any CPU
		{0D5311BE-6EE8-43D0-A37B-DD510F08A5E6}.Release|Any CPU.ActiveCfg = Release|Any CPU
		{0D5311BE-6EE8-43D0-A37B-DD510F08A5E6}.Release|Any CPU.Build.0 = Release|Any CPU
		{0D5311BE-6EE8-43D0-A37B-DD510F08A5E6}.Release|Any CPU.Deploy.0 = Release|Any CPU
	EndGlobalSection
	GlobalSection(SolutionProperties) = preSolution
		HideSolutionNode = FALSE
	EndGlobalSection
	GlobalSection(ExtensibilityGlobals) = postSolution
		SolutionGuid = {BBAFE849-253B-401F-B27B-C66399B81A3C}
	EndGlobalSection
EndGlobal
